// !$*UTF8*$!
{
	archiveVersion = 1;
	classes = {
	};
	objectVersion = 55;
	objects = {

/* Begin PBXBuildFile section */
		4C5761E8283F952400C0C303 /* Pro_Weather_AppApp.swift in Sources */ = {isa = PBXBuildFile; fileRef = 4C5761E7283F952400C0C303 /* Pro_Weather_AppApp.swift */; };
		4C5761EA283F952400C0C303 /* ContentView.swift in Sources */ = {isa = PBXBuildFile; fileRef = 4C5761E9283F952400C0C303 /* ContentView.swift */; };
		4C5761EC283F952600C0C303 /* Assets.xcassets in Resources */ = {isa = PBXBuildFile; fileRef = 4C5761EB283F952600C0C303 /* Assets.xcassets */; };
		4C5761EF283F952600C0C303 /* Preview Assets.xcassets in Resources */ = {isa = PBXBuildFile; fileRef = 4C5761EE283F952600C0C303 /* Preview Assets.xcassets */; };
		4C5761F9283F952600C0C303 /* Pro_Weather_AppTests.swift in Sources */ = {isa = PBXBuildFile; fileRef = 4C5761F8283F952600C0C303 /* Pro_Weather_AppTests.swift */; };
		4C576203283F952600C0C303 /* Pro_Weather_AppUITests.swift in Sources */ = {isa = PBXBuildFile; fileRef = 4C576202283F952600C0C303 /* Pro_Weather_AppUITests.swift */; };
		4C576205283F952600C0C303 /* Pro_Weather_AppUITestsLaunchTests.swift in Sources */ = {isa = PBXBuildFile; fileRef = 4C576204283F952600C0C303 /* Pro_Weather_AppUITestsLaunchTests.swift */; };
/* End PBXBuildFile section */

/* Begin PBXContainerItemProxy section */
		4C5761F5283F952600C0C303 /* PBXContainerItemProxy */ = {
			isa = PBXContainerItemProxy;
			containerPortal = 4C5761DC283F952400C0C303 /* Project object */;
			proxyType = 1;
			remoteGlobalIDString = 4C5761E3283F952400C0C303;
			remoteInfo = "Pro Weather App";
		};
		4C5761FF283F952600C0C303 /* PBXContainerItemProxy */ = {
			isa = PBXContainerItemProxy;
			containerPortal = 4C5761DC283F952400C0C303 /* Project object */;
			proxyType = 1;
			remoteGlobalIDString = 4C5761E3283F952400C0C303;
			remoteInfo = "Pro Weather App";
		};
/* End PBXContainerItemProxy section */

/* Begin PBXFileReference section */
		4C5761E4283F952400C0C303 /* Pro Weather App.app */ = {isa = PBXFileReference; explicitFileType = wrapper.application; includeInIndex = 0; path = "Pro Weather App.app"; sourceTree = BUILT_PRODUCTS_DIR; };
		4C5761E7283F952400C0C303 /* Pro_Weather_AppApp.swift */ = {isa = PBXFileReference; lastKnownFileType = sourcecode.swift; path = Pro_Weather_AppApp.swift; sourceTree = "<group>"; };
		4C5761E9283F952400C0C303 /* ContentView.swift */ = {isa = PBXFileReference; lastKnownFileType = sourcecode.swift; path = ContentView.swift; sourceTree = "<group>"; };
		4C5761EB283F952600C0C303 /* Assets.xcassets */ = {isa = PBXFileReference; lastKnownFileType = folder.assetcatalog; path = Assets.xcassets; sourceTree = "<group>"; };
		4C5761EE283F952600C0C303 /* Preview Assets.xcassets */ = {isa = PBXFileReference; lastKnownFileType = folder.assetcatalog; path = "Preview Assets.xcassets"; sourceTree = "<group>"; };
		4C5761F4283F952600C0C303 /* Pro Weather AppTests.xctest */ = {isa = PBXFileReference; explicitFileType = wrapper.cfbundle; includeInIndex = 0; path = "Pro Weather AppTests.xctest"; sourceTree = BUILT_PRODUCTS_DIR; };
		4C5761F8283F952600C0C303 /* Pro_Weather_AppTests.swift */ = {isa = PBXFileReference; lastKnownFileType = sourcecode.swift; path = Pro_Weather_AppTests.swift; sourceTree = "<group>"; };
		4C5761FE283F952600C0C303 /* Pro Weather AppUITests.xctest */ = {isa = PBXFileReference; explicitFileType = wrapper.cfbundle; includeInIndex = 0; path = "Pro Weather AppUITests.xctest"; sourceTree = BUILT_PRODUCTS_DIR; };
		4C576202283F952600C0C303 /* Pro_Weather_AppUITests.swift */ = {isa = PBXFileReference; lastKnownFileType = sourcecode.swift; path = Pro_Weather_AppUITests.swift; sourceTree = "<group>"; };
		4C576204283F952600C0C303 /* Pro_Weather_AppUITestsLaunchTests.swift */ = {isa = PBXFileReference; lastKnownFileType = sourcecode.swift; path = Pro_Weather_AppUITestsLaunchTests.swift; sourceTree = "<group>"; };
/* End PBXFileReference section */

/* Begin PBXFrameworksBuildPhase section */
		4C5761E1283F952400C0C303 /* Frameworks */ = {
			isa = PBXFrameworksBuildPhase;
			buildActionMask = 2147483647;
			files = (
			);
			runOnlyForDeploymentPostprocessing = 0;
		};
		4C5761F1283F952600C0C303 /* Frameworks */ = {
			isa = PBXFrameworksBuildPhase;
			buildActionMask = 2147483647;
			files = (
			);
			runOnlyForDeploymentPostprocessing = 0;
		};
		4C5761FB283F952600C0C303 /* Frameworks */ = {
			isa = PBXFrameworksBuildPhase;
			buildActionMask = 2147483647;
			files = (
			);
			runOnlyForDeploymentPostprocessing = 0;
		};
/* End PBXFrameworksBuildPhase section */

/* Begin PBXGroup section */
		4C5761DB283F952400C0C303 = {
			isa = PBXGroup;
			children = (
				4C5761E6283F952400C0C303 /* Pro Weather App */,
				4C5761F7283F952600C0C303 /* Pro Weather AppTests */,
				4C576201283F952600C0C303 /* Pro Weather AppUITests */,
				4C5761E5283F952400C0C303 /* Products */,
			);
			sourceTree = "<group>";
		};
		4C5761E5283F952400C0C303 /* Products */ = {
			isa = PBXGroup;
			children = (
				4C5761E4283F952400C0C303 /* Pro Weather App.app */,
				4C5761F4283F952600C0C303 /* Pro Weather AppTests.xctest */,
				4C5761FE283F952600C0C303 /* Pro Weather AppUITests.xctest */,
			);
			name = Products;
			sourceTree = "<group>";
		};
		4C5761E6283F952400C0C303 /* Pro Weather App */ = {
			isa = PBXGroup;
			children = (
				4C5761E7283F952400C0C303 /* Pro_Weather_AppApp.swift */,
				4C5761E9283F952400C0C303 /* ContentView.swift */,
				4C5761EB283F952600C0C303 /* Assets.xcassets */,
				4C5761ED283F952600C0C303 /* Preview Content */,
			);
			path = "Pro Weather App";
			sourceTree = "<group>";
		};
		4C5761ED283F952600C0C303 /* Preview Content */ = {
			isa = PBXGroup;
			children = (
				4C5761EE283F952600C0C303 /* Preview Assets.xcassets */,
			);
			path = "Preview Content";
			sourceTree = "<group>";
		};
		4C5761F7283F952600C0C303 /* Pro Weather AppTests */ = {
			isa = PBXGroup;
			children = (
				4C5761F8283F952600C0C303 /* Pro_Weather_AppTests.swift */,
			);
			path = "Pro Weather AppTests";
			sourceTree = "<group>";
		};
		4C576201283F952600C0C303 /* Pro Weather AppUITests */ = {
			isa = PBXGroup;
			children = (
				4C576202283F952600C0C303 /* Pro_Weather_AppUITests.swift */,
				4C576204283F952600C0C303 /* Pro_Weather_AppUITestsLaunchTests.swift */,
			);
			path = "Pro Weather AppUITests";
			sourceTree = "<group>";
		};
/* End PBXGroup section */

/* Begin PBXNativeTarget section */
		4C5761E3283F952400C0C303 /* Pro Weather App */ = {
			isa = PBXNativeTarget;
			buildConfigurationList = 4C576208283F952600C0C303 /* Build configuration list for PBXNativeTarget "Pro Weather App" */;
			buildPhases = (
				4C5761E0283F952400C0C303 /* Sources */,
				4C5761E1283F952400C0C303 /* Frameworks */,
				4C5761E2283F952400C0C303 /* Resources */,
			);
			buildRules = (
			);
			dependencies = (
			);
			name = "Pro Weather App";
			productName = "Pro Weather App";
			productReference = 4C5761E4283F952400C0C303 /* Pro Weather App.app */;
			productType = "com.apple.product-type.application";
		};
		4C5761F3283F952600C0C303 /* Pro Weather AppTests */ = {
			isa = PBXNativeTarget;
			buildConfigurationList = 4C57620B283F952600C0C303 /* Build configuration list for PBXNativeTarget "Pro Weather AppTests" */;
			buildPhases = (
				4C5761F0283F952600C0C303 /* Sources */,
				4C5761F1283F952600C0C303 /* Frameworks */,
				4C5761F2283F952600C0C303 /* Resources */,
			);
			buildRules = (
			);
			dependencies = (
				4C5761F6283F952600C0C303 /* PBXTargetDependency */,
			);
			name = "Pro Weather AppTests";
			productName = "Pro Weather AppTests";
			productReference = 4C5761F4283F952600C0C303 /* Pro Weather AppTests.xctest */;
			productType = "com.apple.product-type.bundle.unit-test";
		};
		4C5761FD283F952600C0C303 /* Pro Weather AppUITests */ = {
			isa = PBXNativeTarget;
			buildConfigurationList = 4C57620E283F952600C0C303 /* Build configuration list for PBXNativeTarget "Pro Weather AppUITests" */;
			buildPhases = (
				4C5761FA283F952600C0C303 /* Sources */,
				4C5761FB283F952600C0C303 /* Frameworks */,
				4C5761FC283F952600C0C303 /* Resources */,
			);
			buildRules = (
			);
			dependencies = (
				4C576200283F952600C0C303 /* PBXTargetDependency */,
			);
			name = "Pro Weather AppUITests";
			productName = "Pro Weather AppUITests";
			productReference = 4C5761FE283F952600C0C303 /* Pro Weather AppUITests.xctest */;
			productType = "com.apple.product-type.bundle.ui-testing";
		};
/* End PBXNativeTarget section */

/* Begin PBXProject section */
		4C5761DC283F952400C0C303 /* Project object */ = {
			isa = PBXProject;
			attributes = {
				BuildIndependentTargetsInParallel = 1;
				LastSwiftUpdateCheck = 1340;
				LastUpgradeCheck = 1340;
				TargetAttributes = {
					4C5761E3283F952400C0C303 = {
						CreatedOnToolsVersion = 13.4;
					};
					4C5761F3283F952600C0C303 = {
						CreatedOnToolsVersion = 13.4;
						TestTargetID = 4C5761E3283F952400C0C303;
					};
					4C5761FD283F952600C0C303 = {
						CreatedOnToolsVersion = 13.4;
						TestTargetID = 4C5761E3283F952400C0C303;
					};
				};
			};
			buildConfigurationList = 4C5761DF283F952400C0C303 /* Build configuration list for PBXProject "Pro Weather App" */;
			compatibilityVersion = "Xcode 13.0";
			developmentRegion = en;
			hasScannedForEncodings = 0;
			knownRegions = (
				en,
				Base,
			);
			mainGroup = 4C5761DB283F952400C0C303;
			productRefGroup = 4C5761E5283F952400C0C303 /* Products */;
			projectDirPath = "";
			projectRoot = "";
			targets = (
				4C5761E3283F952400C0C303 /* Pro Weather App */,
				4C5761F3283F952600C0C303 /* Pro Weather AppTests */,
				4C5761FD283F952600C0C303 /* Pro Weather AppUITests */,
			);
		};
/* End PBXProject section */

/* Begin PBXResourcesBuildPhase section */
		4C5761E2283F952400C0C303 /* Resources */ = {
			isa = PBXResourcesBuildPhase;
			buildActionMask = 2147483647;
			files = (
				4C5761EF283F952600C0C303 /* Preview Assets.xcassets in Resources */,
				4C5761EC283F952600C0C303 /* Assets.xcassets in Resources */,
			);
			runOnlyForDeploymentPostprocessing = 0;
		};
		4C5761F2283F952600C0C303 /* Resources */ = {
			isa = PBXResourcesBuildPhase;
			buildActionMask = 2147483647;
			files = (
			);
			runOnlyForDeploymentPostprocessing = 0;
		};
		4C5761FC283F952600C0C303 /* Resources */ = {
			isa = PBXResourcesBuildPhase;
			buildActionMask = 2147483647;
			files = (
			);
			runOnlyForDeploymentPostprocessing = 0;
		};
/* End PBXResourcesBuildPhase section */

/* Begin PBXSourcesBuildPhase section */
		4C5761E0283F952400C0C303 /* Sources */ = {
			isa = PBXSourcesBuildPhase;
			buildActionMask = 2147483647;
			files = (
				4C5761EA283F952400C0C303 /* ContentView.swift in Sources */,
				4C5761E8283F952400C0C303 /* Pro_Weather_AppApp.swift in Sources */,
			);
			runOnlyForDeploymentPostprocessing = 0;
		};
		4C5761F0283F952600C0C303 /* Sources */ = {
			isa = PBXSourcesBuildPhase;
			buildActionMask = 2147483647;
			files = (
				4C5761F9283F952600C0C303 /* Pro_Weather_AppTests.swift in Sources */,
			);
			runOnlyForDeploymentPostprocessing = 0;
		};
		4C5761FA283F952600C0C303 /* Sources */ = {
			isa = PBXSourcesBuildPhase;
			buildActionMask = 2147483647;
			files = (
				4C576203283F952600C0C303 /* Pro_Weather_AppUITests.swift in Sources */,
				4C576205283F952600C0C303 /* Pro_Weather_AppUITestsLaunchTests.swift in Sources */,
			);
			runOnlyForDeploymentPostprocessing = 0;
		};
/* End PBXSourcesBuildPhase section */

/* Begin PBXTargetDependency section */
		4C5761F6283F952600C0C303 /* PBXTargetDependency */ = {
			isa = PBXTargetDependency;
			target = 4C5761E3283F952400C0C303 /* Pro Weather App */;
			targetProxy = 4C5761F5283F952600C0C303 /* PBXContainerItemProxy */;
		};
		4C576200283F952600C0C303 /* PBXTargetDependency */ = {
			isa = PBXTargetDependency;
			target = 4C5761E3283F952400C0C303 /* Pro Weather App */;
			targetProxy = 4C5761FF283F952600C0C303 /* PBXContainerItemProxy */;
		};
/* End PBXTargetDependency section */

/* Begin XCBuildConfiguration section */
		4C576206283F952600C0C303 /* Debug */ = {
			isa = XCBuildConfiguration;
			buildSettings = {
				ALWAYS_SEARCH_USER_PATHS = NO;
				CLANG_ANALYZER_NONNULL = YES;
				CLANG_ANALYZER_NUMBER_OBJECT_CONVERSION = YES_AGGRESSIVE;
				CLANG_CXX_LANGUAGE_STANDARD = "gnu++17";
				CLANG_ENABLE_MODULES = YES;
				CLANG_ENABLE_OBJC_ARC = YES;
				CLANG_ENABLE_OBJC_WEAK = YES;
				CLANG_WARN_BLOCK_CAPTURE_AUTORELEASING = YES;
				CLANG_WARN_BOOL_CONVERSION = YES;
				CLANG_WARN_COMMA = YES;
				CLANG_WARN_CONSTANT_CONVERSION = YES;
				CLANG_WARN_DEPRECATED_OBJC_IMPLEMENTATIONS = YES;
				CLANG_WARN_DIRECT_OBJC_ISA_USAGE = YES_ERROR;
				CLANG_WARN_DOCUMENTATION_COMMENTS = YES;
				CLANG_WARN_EMPTY_BODY = YES;
				CLANG_WARN_ENUM_CONVERSION = YES;
				CLANG_WARN_INFINITE_RECURSION = YES;
				CLANG_WARN_INT_CONVERSION = YES;
				CLANG_WARN_NON_LITERAL_NULL_CONVERSION = YES;
				CLANG_WARN_OBJC_IMPLICIT_RETAIN_SELF = YES;
				CLANG_WARN_OBJC_LITERAL_CONVERSION = YES;
				CLANG_WARN_OBJC_ROOT_CLASS = YES_ERROR;
				CLANG_WARN_QUOTED_INCLUDE_IN_FRAMEWORK_HEADER = YES;
				CLANG_WARN_RANGE_LOOP_ANALYSIS = YES;
				CLANG_WARN_STRICT_PROTOTYPES = YES;
				CLANG_WARN_SUSPICIOUS_MOVE = YES;
				CLANG_WARN_UNGUARDED_AVAILABILITY = YES_AGGRESSIVE;
				CLANG_WARN_UNREACHABLE_CODE = YES;
				CLANG_WARN__DUPLICATE_METHOD_MATCH = YES;
				COPY_PHASE_STRIP = NO;
				DEBUG_INFORMATION_FORMAT = dwarf;
				ENABLE_STRICT_OBJC_MSGSEND = YES;
				ENABLE_TESTABILITY = YES;
				GCC_C_LANGUAGE_STANDARD = gnu11;
				GCC_DYNAMIC_NO_PIC = NO;
				GCC_NO_COMMON_BLOCKS = YES;
				GCC_OPTIMIZATION_LEVEL = 0;
				GCC_PREPROCESSOR_DEFINITIONS = (
					"DEBUG=1",
					"$(inherited)",
				);
				GCC_WARN_64_TO_32_BIT_CONVERSION = YES;
				GCC_WARN_ABOUT_RETURN_TYPE = YES_ERROR;
				GCC_WARN_UNDECLARED_SELECTOR = YES;
				GCC_WARN_UNINITIALIZED_AUTOS = YES_AGGRESSIVE;
				GCC_WARN_UNUSED_FUNCTION = YES;
				GCC_WARN_UNUSED_VARIABLE = YES;
				IPHONEOS_DEPLOYMENT_TARGET = 15.5;
				MTL_ENABLE_DEBUG_INFO = INCLUDE_SOURCE;
				MTL_FAST_MATH = YES;
				ONLY_ACTIVE_ARCH = YES;
				SDKROOT = iphoneos;
				SWIFT_ACTIVE_COMPILATION_CONDITIONS = DEBUG;
				SWIFT_OPTIMIZATION_LEVEL = "-Onone";
			};
			name = Debug;
		};
		4C576207283F952600C0C303 /* Release */ = {
			isa = XCBuildConfiguration;
			buildSettings = {
				ALWAYS_SEARCH_USER_PATHS = NO;
				CLANG_ANALYZER_NONNULL = YES;
				CLANG_ANALYZER_NUMBER_OBJECT_CONVERSION = YES_AGGRESSIVE;
				CLANG_CXX_LANGUAGE_STANDARD = "gnu++17";
				CLANG_ENABLE_MODULES = YES;
				CLANG_ENABLE_OBJC_ARC = YES;
				CLANG_ENABLE_OBJC_WEAK = YES;
				CLANG_WARN_BLOCK_CAPTURE_AUTORELEASING = YES;
				CLANG_WARN_BOOL_CONVERSION = YES;
				CLANG_WARN_COMMA = YES;
				CLANG_WARN_CONSTANT_CONVERSION = YES;
				CLANG_WARN_DEPRECATED_OBJC_IMPLEMENTATIONS = YES;
				CLANG_WARN_DIRECT_OBJC_ISA_USAGE = YES_ERROR;
				CLANG_WARN_DOCUMENTATION_COMMENTS = YES;
				CLANG_WARN_EMPTY_BODY = YES;
				CLANG_WARN_ENUM_CONVERSION = YES;
				CLANG_WARN_INFINITE_RECURSION = YES;
				CLANG_WARN_INT_CONVERSION = YES;
				CLANG_WARN_NON_LITERAL_NULL_CONVERSION = YES;
				CLANG_WARN_OBJC_IMPLICIT_RETAIN_SELF = YES;
				CLANG_WARN_OBJC_LITERAL_CONVERSION = YES;
				CLANG_WARN_OBJC_ROOT_CLASS = YES_ERROR;
				CLANG_WARN_QUOTED_INCLUDE_IN_FRAMEWORK_HEADER = YES;
				CLANG_WARN_RANGE_LOOP_ANALYSIS = YES;
				CLANG_WARN_STRICT_PROTOTYPES = YES;
				CLANG_WARN_SUSPICIOUS_MOVE = YES;
				CLANG_WARN_UNGUARDED_AVAILABILITY = YES_AGGRESSIVE;
				CLANG_WARN_UNREACHABLE_CODE = YES;
				CLANG_WARN__DUPLICATE_METHOD_MATCH = YES;
				COPY_PHASE_STRIP = NO;
				DEBUG_INFORMATION_FORMAT = "dwarf-with-dsym";
				ENABLE_NS_ASSERTIONS = NO;
				ENABLE_STRICT_OBJC_MSGSEND = YES;
				GCC_C_LANGUAGE_STANDARD = gnu11;
				GCC_NO_COMMON_BLOCKS = YES;
				GCC_WARN_64_TO_32_BIT_CONVERSION = YES;
				GCC_WARN_ABOUT_RETURN_TYPE = YES_ERROR;
				GCC_WARN_UNDECLARED_SELECTOR = YES;
				GCC_WARN_UNINITIALIZED_AUTOS = YES_AGGRESSIVE;
				GCC_WARN_UNUSED_FUNCTION = YES;
				GCC_WARN_UNUSED_VARIABLE = YES;
				IPHONEOS_DEPLOYMENT_TARGET = 15.5;
				MTL_ENABLE_DEBUG_INFO = NO;
				MTL_FAST_MATH = YES;
				SDKROOT = iphoneos;
				SWIFT_COMPILATION_MODE = wholemodule;
				SWIFT_OPTIMIZATION_LEVEL = "-O";
				VALIDATE_PRODUCT = YES;
			};
			name = Release;
		};
		4C576209283F952600C0C303 /* Debug */ = {
			isa = XCBuildConfiguration;
			buildSettings = {
				ASSETCATALOG_COMPILER_APPICON_NAME = AppIcon;
				ASSETCATALOG_COMPILER_GLOBAL_ACCENT_COLOR_NAME = AccentColor;
				CODE_SIGN_STYLE = Automatic;
				CURRENT_PROJECT_VERSION = 1;
				DEVELOPMENT_ASSET_PATHS = "\"Pro Weather App/Preview Content\"";
				DEVELOPMENT_TEAM = CUWL9PU94D;
				ENABLE_PREVIEWS = YES;
				GENERATE_INFOPLIST_FILE = YES;
				INFOPLIST_KEY_UIApplicationSceneManifest_Generation = YES;
				INFOPLIST_KEY_UIApplicationSupportsIndirectInputEvents = YES;
				INFOPLIST_KEY_UILaunchScreen_Generation = YES;
				INFOPLIST_KEY_UISupportedInterfaceOrientations_iPad = "UIInterfaceOrientationPortrait UIInterfaceOrientationPortraitUpsideDown UIInterfaceOrientationLandscapeLeft UIInterfaceOrientationLandscapeRight";
				INFOPLIST_KEY_UISupportedInterfaceOrientations_iPhone = "UIInterfaceOrientationPortrait UIInterfaceOrientationLandscapeLeft UIInterfaceOrientationLandscapeRight";
				LD_RUNPATH_SEARCH_PATHS = (
					"$(inherited)",
					"@executable_path/Frameworks",
				);
				MARKETING_VERSION = 1.0;
				PRODUCT_BUNDLE_IDENTIFIER = "MoonKnight.Pro-Weather-App";
				PRODUCT_NAME = "$(TARGET_NAME)";
				SWIFT_EMIT_LOC_STRINGS = YES;
				SWIFT_VERSION = 5.0;
				TARGETED_DEVICE_FAMILY = "1,2";
			};
			name = Debug;
		};
		4C57620A283F952600C0C303 /* Release */ = {
			isa = XCBuildConfiguration;
			buildSettings = {
				ASSETCATALOG_COMPILER_APPICON_NAME = AppIcon;
				ASSETCATALOG_COMPILER_GLOBAL_ACCENT_COLOR_NAME = AccentColor;
				CODE_SIGN_STYLE = Automatic;
				CURRENT_PROJECT_VERSION = 1;
				DEVELOPMENT_ASSET_PATHS = "\"Pro Weather App/Preview Content\"";
				DEVELOPMENT_TEAM = CUWL9PU94D;
				ENABLE_PREVIEWS = YES;
				GENERATE_INFOPLIST_FILE = YES;
				INFOPLIST_KEY_UIApplicationSceneManifest_Generation = YES;
				INFOPLIST_KEY_UIApplicationSupportsIndirectInputEvents = YES;
				INFOPLIST_KEY_UILaunchScreen_Generation = YES;
				INFOPLIST_KEY_UISupportedInterfaceOrientations_iPad = "UIInterfaceOrientationPortrait UIInterfaceOrientationPortraitUpsideDown UIInterfaceOrientationLandscapeLeft UIInterfaceOrientationLandscapeRight";
				INFOPLIST_KEY_UISupportedInterfaceOrientations_iPhone = "UIInterfaceOrientationPortrait UIInterfaceOrientationLandscapeLeft UIInterfaceOrientationLandscapeRight";
				LD_RUNPATH_SEARCH_PATHS = (
					"$(inherited)",
					"@executable_path/Frameworks",
				);
				MARKETING_VERSION = 1.0;
				PRODUCT_BUNDLE_IDENTIFIER = "MoonKnight.Pro-Weather-App";
				PRODUCT_NAME = "$(TARGET_NAME)";
				SWIFT_EMIT_LOC_STRINGS = YES;
				SWIFT_VERSION = 5.0;
				TARGETED_DEVICE_FAMILY = "1,2";
			};
			name = Release;
		};
		4C57620C283F952600C0C303 /* Debug */ = {
			isa = XCBuildConfiguration;
			buildSettings = {
				ALWAYS_EMBED_SWIFT_STANDARD_LIBRARIES = YES;
				BUNDLE_LOADER = "$(TEST_HOST)";
				CODE_SIGN_STYLE = Automatic;
				CURRENT_PROJECT_VERSION = 1;
				DEVELOPMENT_TEAM = CUWL9PU94D;
				GENERATE_INFOPLIST_FILE = YES;
				IPHONEOS_DEPLOYMENT_TARGET = 15.5;
				MARKETING_VERSION = 1.0;
				PRODUCT_BUNDLE_IDENTIFIER = "MoonKnight.Pro-Weather-AppTests";
				PRODUCT_NAME = "$(TARGET_NAME)";
				SWIFT_EMIT_LOC_STRINGS = NO;
				SWIFT_VERSION = 5.0;
				TARGETED_DEVICE_FAMILY = "1,2";
				TEST_HOST = "$(BUILT_PRODUCTS_DIR)/Pro Weather App.app/Pro Weather App";
			};
			name = Debug;
		};
		4C57620D283F952600C0C303 /* Release */ = {
			isa = XCBuildConfiguration;
			buildSettings = {
				ALWAYS_EMBED_SWIFT_STANDARD_LIBRARIES = YES;
				BUNDLE_LOADER = "$(TEST_HOST)";
				CODE_SIGN_STYLE = Automatic;
				CURRENT_PROJECT_VERSION = 1;
				DEVELOPMENT_TEAM = CUWL9PU94D;
				GENERATE_INFOPLIST_FILE = YES;
				IPHONEOS_DEPLOYMENT_TARGET = 15.5;
				MARKETING_VERSION = 1.0;
				PRODUCT_BUNDLE_IDENTIFIER = "MoonKnight.Pro-Weather-AppTests";
				PRODUCT_NAME = "$(TARGET_NAME)";
				SWIFT_EMIT_LOC_STRINGS = NO;
				SWIFT_VERSION = 5.0;
				TARGETED_DEVICE_FAMILY = "1,2";
				TEST_HOST = "$(BUILT_PRODUCTS_DIR)/Pro Weather App.app/Pro Weather App";
			};
			name = Release;
		};
		4C57620F283F952600C0C303 /* Debug */ = {
			isa = XCBuildConfiguration;
			buildSettings = {
				ALWAYS_EMBED_SWIFT_STANDARD_LIBRARIES = YES;
				CODE_SIGN_STYLE = Automatic;
				CURRENT_PROJECT_VERSION = 1;
				DEVELOPMENT_TEAM = CUWL9PU94D;
				GENERATE_INFOPLIST_FILE = YES;
				MARKETING_VERSION = 1.0;
				PRODUCT_BUNDLE_IDENTIFIER = "MoonKnight.Pro-Weather-AppUITests";
				PRODUCT_NAME = "$(TARGET_NAME)";
				SWIFT_EMIT_LOC_STRINGS = NO;
				SWIFT_VERSION = 5.0;
				TARGETED_DEVICE_FAMILY = "1,2";
				TEST_TARGET_NAME = "Pro Weather App";
			};
			name = Debug;
		};
		4C576210283F952600C0C303 /* Release */ = {
			isa = XCBuildConfiguration;
			buildSettings = {
				ALWAYS_EMBED_SWIFT_STANDARD_LIBRARIES = YES;
				CODE_SIGN_STYLE = Automatic;
				CURRENT_PROJECT_VERSION = 1;
				DEVELOPMENT_TEAM = CUWL9PU94D;
				GENERATE_INFOPLIST_FILE = YES;
				MARKETING_VERSION = 1.0;
				PRODUCT_BUNDLE_IDENTIFIER = "MoonKnight.Pro-Weather-AppUITests";
				PRODUCT_NAME = "$(TARGET_NAME)";
				SWIFT_EMIT_LOC_STRINGS = NO;
				SWIFT_VERSION = 5.0;
				TARGETED_DEVICE_FAMILY = "1,2";
				TEST_TARGET_NAME = "Pro Weather App";
			};
			name = Release;
		};
/* End XCBuildConfiguration section */

/* Begin XCConfigurationList section */
		4C5761DF283F952400C0C303 /* Build configuration list for PBXProject "Pro Weather App" */ = {
			isa = XCConfigurationList;
			buildConfigurations = (
				4C576206283F952600C0C303 /* Debug */,
				4C576207283F952600C0C303 /* Release */,
			);
			defaultConfigurationIsVisible = 0;
			defaultConfigurationName = Release;
		};
		4C576208283F952600C0C303 /* Build configuration list for PBXNativeTarget "Pro Weather App" */ = {
			isa = XCConfigurationList;
			buildConfigurations = (
				4C576209283F952600C0C303 /* Debug */,
				4C57620A283F952600C0C303 /* Release */,
			);
			defaultConfigurationIsVisible = 0;
			defaultConfigurationName = Release;
		};
		4C57620B283F952600C0C303 /* Build configuration list for PBXNativeTarget "Pro Weather AppTests" */ = {
			isa = XCConfigurationList;
			buildConfigurations = (
				4C57620C283F952600C0C303 /* Debug */,
				4C57620D283F952600C0C303 /* Release */,
			);
			defaultConfigurationIsVisible = 0;
			defaultConfigurationName = Release;
		};
		4C57620E283F952600C0C303 /* Build configuration list for PBXNativeTarget "Pro Weather AppUITests" */ = {
			isa = XCConfigurationList;
			buildConfigurations = (
				4C57620F283F952600C0C303 /* Debug */,
				4C576210283F952600C0C303 /* Release */,
			);
			defaultConfigurationIsVisible = 0;
			defaultConfigurationName = Release;
		};
/* End XCConfigurationList section */
	};
	rootObject = 4C5761DC283F952400C0C303 /* Project object */;
}
